
Microsoft Visual Studio Solution File, Format Version 12.00
# Visual Studio Version 16
VisualStudioVersion = 16.0.30225.117
MinimumVisualStudioVersion = 10.0.40219.1
Project("{9A19103F-16F7-4668-BE54-9A1E7A4F7556}") = "ImgResizer", "ImgResizer\ImgResizer.csproj", "{08C3A700-7EC4-45BD-9EC9-7A59C2758A0F}"
EndProject
Project("{FAE04EC0-301F-11D3-BF4B-00C04F79EFBC}") = "ImgResizerUnitTests", "ImgResizerUnitTests\ImgResizerUnitTests.csproj", "{399F764F-E34B-4325-AD12-2CCE86DE3C18}"
EndProject
Global
	GlobalSection(SolutionConfigurationPlatforms) = preSolution
		Debug|Any CPU = Debug|Any CPU
		Release|Any CPU = Release|Any CPU
	EndGlobalSection
	GlobalSection(ProjectConfigurationPlatforms) = postSolution
		{08C3A700-7EC4-45BD-9EC9-7A59C2758A0F}.Debug|Any CPU.ActiveCfg = Debug|Any CPU
		{08C3A700-7EC4-45BD-9EC9-7A59C2758A0F}.Debug|Any CPU.Build.0 = Debug|Any CPU
		{08C3A700-7EC4-45BD-9EC9-7A59C2758A0F}.Release|Any CPU.ActiveCfg = Release|Any CPU
		{08C3A700-7EC4-45BD-9EC9-7A59C2758A0F}.Release|Any CPU.Build.0 = Release|Any CPU
		{399F764F-E34B-4325-AD12-2CCE86DE3C18}.Debug|Any CPU.ActiveCfg = Debug|Any CPU
		{399F764F-E34B-4325-AD12-2CCE86DE3C18}.Debug|Any CPU.Build.0 = Debug|Any CPU
		{399F764F-E34B-4325-AD12-2CCE86DE3C18}.Release|Any CPU.ActiveCfg = Release|Any CPU
		{399F764F-E34B-4325-AD12-2CCE86DE3C18}.Release|Any CPU.Build.0 = Release|Any CPU
	EndGlobalSection
	GlobalSection(SolutionProperties) = preSolution
		HideSolutionNode = FALSE
	EndGlobalSection
	GlobalSection(ExtensibilityGlobals) = postSolution
		SolutionGuid = {8676C961-5EFD-4A36-A672-2496D5D14B1F}
	EndGlobalSection
EndGlobal
